
Microsoft Visual Studio Solution File, Format Version 12.00
# Visual Studio 2012
Project("{8BC9CEB8-8B4A-11D0-8D11-00A0C91BC942}") = "Version", "Version\Version.vcxproj", "{7D897BFD-AA11-4416-9518-00A9D069903A}"
EndProject
Global
	GlobalSection(SolutionConfigurationPlatforms) = preSolution
		Debug|Win32 = Debug|Win32
		Release|Win32 = Release|Win32
	EndGlobalSection
	GlobalSection(ProjectConfigurationPlatforms) = postSolution
		{7D897BFD-AA11-4416-9518-00A9D069903A}.Debug|Win32.ActiveCfg = Debug|Win32
		{7D897BFD-AA11-4416-9518-00A9D069903A}.Debug|Win32.Build.0 = Debug|Win32
		{7D897BFD-AA11-4416-9518-00A9D069903A}.Release|Win32.ActiveCfg = Release|Win32
		{7D897BFD-AA11-4416-9518-00A9D069903A}.Release|Win32.Build.0 = Release|Win32
	EndGlobalSection
	GlobalSection(SolutionProperties) = preSolution
		HideSolutionNode = FALSE
	EndGlobalSection
EndGlobal
